
Microsoft Visual Studio Solution File, Format Version 12.00
Project("{FAE04EC0-301F-11D3-BF4B-00C04F79EFBC}") = "Dengi", "Dengi\Dengi.csproj", "{DEB061FD-B5D9-44CF-9FA8-98C44612D981}"
EndProject
Global
	GlobalSection(SolutionConfigurationPlatforms) = preSolution
		Debug|Any CPU = Debug|Any CPU
		Release|Any CPU = Release|Any CPU
	EndGlobalSection
	GlobalSection(ProjectConfigurationPlatforms) = postSolution
		{DEB061FD-B5D9-44CF-9FA8-98C44612D981}.Debug|Any CPU.ActiveCfg = Debug|Any CPU
		{DEB061FD-B5D9-44CF-9FA8-98C44612D981}.Debug|Any CPU.Build.0 = Debug|Any CPU
		{DEB061FD-B5D9-44CF-9FA8-98C44612D981}.Release|Any CPU.ActiveCfg = Release|Any CPU
		{DEB061FD-B5D9-44CF-9FA8-98C44612D981}.Release|Any CPU.Build.0 = Release|Any CPU
	EndGlobalSection
EndGlobal
